
Microsoft Visual Studio Solution File, Format Version 12.00
# Visual Studio Version 17
VisualStudioVersion = 17.12.35521.163
MinimumVisualStudioVersion = 10.0.40219.1
Project("{FAE04EC0-301F-11D3-BF4B-00C04F79EFBC}") = "Ejemplo1", "Ejemplo1\Ejemplo1.csproj", "{78024BFA-E28D-4ABC-8F3C-4E8508C50A32}"
EndProject
Project("{FAE04EC0-301F-11D3-BF4B-00C04F79EFBC}") = "Ejemplo2", "Ejemplo2\Ejemplo2.csproj", "{4FC6676A-CEF0-4932-A3C1-11D5A1DB53D6}"
EndProject
Global
	GlobalSection(SolutionConfigurationPlatforms) = preSolution
		Debug|Any CPU = Debug|Any CPU
		Release|Any CPU = Release|Any CPU
	EndGlobalSection
	GlobalSection(ProjectConfigurationPlatforms) = postSolution
		{78024BFA-E28D-4ABC-8F3C-4E8508C50A32}.Debug|Any CPU.ActiveCfg = Debug|Any CPU
		{78024BFA-E28D-4ABC-8F3C-4E8508C50A32}.Debug|Any CPU.Build.0 = Debug|Any CPU
		{78024BFA-E28D-4ABC-8F3C-4E8508C50A32}.Release|Any CPU.ActiveCfg = Release|Any CPU
		{78024BFA-E28D-4ABC-8F3C-4E8508C50A32}.Release|Any CPU.Build.0 = Release|Any CPU
		{4FC6676A-CEF0-4932-A3C1-11D5A1DB53D6}.Debug|Any CPU.ActiveCfg = Debug|Any CPU
		{4FC6676A-CEF0-4932-A3C1-11D5A1DB53D6}.Debug|Any CPU.Build.0 = Debug|Any CPU
		{4FC6676A-CEF0-4932-A3C1-11D5A1DB53D6}.Release|Any CPU.ActiveCfg = Release|Any CPU
		{4FC6676A-CEF0-4932-A3C1-11D5A1DB53D6}.Release|Any CPU.Build.0 = Release|Any CPU
	EndGlobalSection
	GlobalSection(SolutionProperties) = preSolution
		HideSolutionNode = FALSE
	EndGlobalSection
EndGlobal
